
Microsoft Visual Studio Solution File, Format Version 12.00
# Visual Studio 15
VisualStudioVersion = 15.0.28307.168
MinimumVisualStudioVersion = 10.0.40219.1
Project("{FAE04EC0-301F-11D3-BF4B-00C04F79EFBC}") = "ServiceImport.Console", "src\ServiceImport.Console\src\ServiceImport.Console.csproj", "{EFE51777-7D9A-48A7-8F1E-5116452D5668}"
EndProject
Project("{FAE04EC0-301F-11D3-BF4B-00C04F79EFBC}") = "ServiceImport.Framework", "src\ServiceImport.Framework\src\ServiceImport.Framework.csproj", "{FA02E3EF-49F8-4418-B660-A3C0A730F0C7}"
EndProject
Project("{FAE04EC0-301F-11D3-BF4B-00C04F79EFBC}") = "ServiceImport.MSBuild", "src\ServiceImport.MSBuild\src\ServiceImport.MSBuild.csproj", "{AFA5D88B-90F2-4691-A0FF-988582DF2B24}"
EndProject
Project("{FAE04EC0-301F-11D3-BF4B-00C04F79EFBC}") = "ServiceImport.Framework.Tests", "src\ServiceImport.Framework\test\ServiceImport.Framework.Tests.csproj", "{FAFD8283-F453-40A0-81EA-1617ACA8E262}"
EndProject
Project("{2150E333-8FDC-42A3-9474-1A3956D46DE8}") = "NDCC", "NDCC", "{DB4AD9B5-96C6-47B9-A8EB-661BB346AABB}"
EndProject
Project("{2150E333-8FDC-42A3-9474-1A3956D46DE8}") = "Shared", "Shared", "{428C08D2-2A3E-4122-864A-EA8E5E349D45}"
EndProject
Global
	GlobalSection(SolutionConfigurationPlatforms) = preSolution
		Debug|Any CPU = Debug|Any CPU
		Release|Any CPU = Release|Any CPU
	EndGlobalSection
	GlobalSection(ProjectConfigurationPlatforms) = postSolution
		{EFE51777-7D9A-48A7-8F1E-5116452D5668}.Debug|Any CPU.ActiveCfg = Debug|Any CPU
		{EFE51777-7D9A-48A7-8F1E-5116452D5668}.Debug|Any CPU.Build.0 = Debug|Any CPU
		{EFE51777-7D9A-48A7-8F1E-5116452D5668}.Release|Any CPU.ActiveCfg = Release|Any CPU
		{EFE51777-7D9A-48A7-8F1E-5116452D5668}.Release|Any CPU.Build.0 = Release|Any CPU
		{FA02E3EF-49F8-4418-B660-A3C0A730F0C7}.Debug|Any CPU.ActiveCfg = Debug|Any CPU
		{FA02E3EF-49F8-4418-B660-A3C0A730F0C7}.Debug|Any CPU.Build.0 = Debug|Any CPU
		{FA02E3EF-49F8-4418-B660-A3C0A730F0C7}.Release|Any CPU.ActiveCfg = Release|Any CPU
		{FA02E3EF-49F8-4418-B660-A3C0A730F0C7}.Release|Any CPU.Build.0 = Release|Any CPU
		{AFA5D88B-90F2-4691-A0FF-988582DF2B24}.Debug|Any CPU.ActiveCfg = Debug|Any CPU
		{AFA5D88B-90F2-4691-A0FF-988582DF2B24}.Debug|Any CPU.Build.0 = Debug|Any CPU
		{AFA5D88B-90F2-4691-A0FF-988582DF2B24}.Release|Any CPU.ActiveCfg = Release|Any CPU
		{AFA5D88B-90F2-4691-A0FF-988582DF2B24}.Release|Any CPU.Build.0 = Release|Any CPU
		{FAFD8283-F453-40A0-81EA-1617ACA8E262}.Debug|Any CPU.ActiveCfg = Debug|Any CPU
		{FAFD8283-F453-40A0-81EA-1617ACA8E262}.Debug|Any CPU.Build.0 = Debug|Any CPU
		{FAFD8283-F453-40A0-81EA-1617ACA8E262}.Release|Any CPU.ActiveCfg = Release|Any CPU
		{FAFD8283-F453-40A0-81EA-1617ACA8E262}.Release|Any CPU.Build.0 = Release|Any CPU
	EndGlobalSection
	GlobalSection(SolutionProperties) = preSolution
		HideSolutionNode = FALSE
	EndGlobalSection
	GlobalSection(NestedProjects) = preSolution
		{428C08D2-2A3E-4122-864A-EA8E5E349D45} = {DB4AD9B5-96C6-47B9-A8EB-661BB346AABB}
	EndGlobalSection
	GlobalSection(ExtensibilityGlobals) = postSolution
		SolutionGuid = {ACABF685-30A0-4B5F-B662-1B53CCBA3B85}
	EndGlobalSection
EndGlobal
